
Microsoft Visual Studio Solution File, Format Version 12.00
# Visual Studio 15
VisualStudioVersion = 15.0.27130.2024
MinimumVisualStudioVersion = 10.0.40219.1
Project("{8BC9CEB8-8B4A-11D0-8D11-00A0C91BC942}") = "inettime", "inettime.vcxproj", "{E4124A16-2CF8-4E77-9F28-1795B311426B}"
EndProject
Global
	GlobalSection(SolutionConfigurationPlatforms) = preSolution
		Debug|Win32 = Debug|Win32
		Release|Win32 = Release|Win32
		Release2|Win32 = Release2|Win32
	EndGlobalSection
	GlobalSection(ProjectConfigurationPlatforms) = postSolution
		{E4124A16-2CF8-4E77-9F28-1795B311426B}.Debug|Win32.ActiveCfg = Debug|Win32
		{E4124A16-2CF8-4E77-9F28-1795B311426B}.Debug|Win32.Build.0 = Debug|Win32
		{E4124A16-2CF8-4E77-9F28-1795B311426B}.Release|Win32.ActiveCfg = Release|Win32
		{E4124A16-2CF8-4E77-9F28-1795B311426B}.Release|Win32.Build.0 = Release|Win32
		{E4124A16-2CF8-4E77-9F28-1795B311426B}.Release2|Win32.ActiveCfg = Release|Win32
		{E4124A16-2CF8-4E77-9F28-1795B311426B}.Release2|Win32.Build.0 = Release|Win32
	EndGlobalSection
	GlobalSection(SolutionProperties) = preSolution
		HideSolutionNode = FALSE
	EndGlobalSection
	GlobalSection(ExtensibilityGlobals) = postSolution
		SolutionGuid = {7597C832-2446-430B-B5E4-D4BEE5C4C3EF}
	EndGlobalSection
EndGlobal
